
Microsoft Visual Studio Solution File, Format Version 12.00
# Visual Studio Version 17
VisualStudioVersion = 17.12.35707.178
MinimumVisualStudioVersion = 10.0.40219.1
Project("{2150E333-8FDC-42A3-9474-1A3956D46DE8}") = "Services", "Services", "{E36334FA-21C6-4246-B255-7D0202FF4B33}"
EndProject
Project("{2150E333-8FDC-42A3-9474-1A3956D46DE8}") = "Catalog", "Catalog", "{7D8C95A8-C028-4691-AFD7-CA4CB690768E}"
EndProject
Project("{FAE04EC0-301F-11D3-BF4B-00C04F79EFBC}") = "ShopStar.Catalog", "Services\Catalog\ShopStar.Catalog\ShopStar.Catalog.csproj", "{78893B62-A252-4864-8B38-C6D3BA2F925D}"
EndProject
Project("{2150E333-8FDC-42A3-9474-1A3956D46DE8}") = "Discount", "Discount", "{EB49F704-C5BB-41E4-B374-C6838CEC1D4D}"
EndProject
Project("{FAE04EC0-301F-11D3-BF4B-00C04F79EFBC}") = "ShopStar.Discount", "Services\Discount\ShopStar.Discount\ShopStar.Discount.csproj", "{295C7597-C905-40C6-ACA9-DC5ABE8674E2}"
EndProject
Project("{2150E333-8FDC-42A3-9474-1A3956D46DE8}") = "Order", "Order", "{3AF95042-70D5-4849-99B7-361E4B17F9D2}"
EndProject
Project("{2150E333-8FDC-42A3-9474-1A3956D46DE8}") = "Core", "Core", "{FE06170C-9A05-47BC-B695-FE16ED7355BB}"
EndProject
Project("{2150E333-8FDC-42A3-9474-1A3956D46DE8}") = "Infrastructer", "Infrastructer", "{3A344B09-5213-4827-846D-D3A4F6271001}"
EndProject
Project("{2150E333-8FDC-42A3-9474-1A3956D46DE8}") = "Presentation", "Presentation", "{CE69B5BD-3CA9-46F3-87D9-FE5F49587C26}"
EndProject
Project("{FAE04EC0-301F-11D3-BF4B-00C04F79EFBC}") = "ShopStar.Order.Domain", "Services\Order\Core\ShopStar.Order.Domain\ShopStar.Order.Domain.csproj", "{ED1C66DC-6600-456A-AAF5-31BADE3C04A9}"
EndProject
Project("{FAE04EC0-301F-11D3-BF4B-00C04F79EFBC}") = "ShopStar.Order.Application", "Services\Order\Core\ShopStar.Order.Application\ShopStar.Order.Application.csproj", "{D1FA2ECD-459F-4087-A0EE-D02C3A65979C}"
EndProject
Project("{FAE04EC0-301F-11D3-BF4B-00C04F79EFBC}") = "ShopStar.Order.Persistence", "Services\Order\Infrastructer\ShopStar.Order.Persistence\ShopStar.Order.Persistence.csproj", "{A437665C-3DB8-41EB-AC01-92FBCBD7C6DD}"
EndProject
Project("{FAE04EC0-301F-11D3-BF4B-00C04F79EFBC}") = "ShopStar.Order.WebApi", "Services\Order\Presentation\ShopStar.Order.WebApi\ShopStar.Order.WebApi.csproj", "{CD3B2581-8D5F-4E3C-A9B4-841FAAD52E25}"
EndProject
Project("{2150E333-8FDC-42A3-9474-1A3956D46DE8}") = "IdentityServer", "IdentityServer", "{BDD4EC7C-256F-48F2-A18C-CC1A80688E81}"
EndProject
Project("{FAE04EC0-301F-11D3-BF4B-00C04F79EFBC}") = "ShopStar.IdentityServer", "IdentityServer\ShopStar.IdentityServer\ShopStar.IdentityServer.csproj", "{7B0F1E76-EF05-4301-AEB1-36A81C70D86F}"
EndProject
Project("{2150E333-8FDC-42A3-9474-1A3956D46DE8}") = "Requirement", "Requirement", "{6F0A7860-E97C-421C-BF45-D5A8CFDF4F27}"
	ProjectSection(SolutionItems) = preProject
		IdentityServerErrorVersionSolution.txt = IdentityServerErrorVersionSolution.txt
		PortainerCmd.txt = PortainerCmd.txt
		PortNumber.txt = PortNumber.txt
	EndProjectSection
EndProject
Project("{2150E333-8FDC-42A3-9474-1A3956D46DE8}") = "Cargo", "Cargo", "{C736F7AB-30BE-4F2C-940E-084F6F89A6C8}"
EndProject
Project("{FAE04EC0-301F-11D3-BF4B-00C04F79EFBC}") = "ShopStar.Cargo.BuinessLayer", "Services\Cargo\ShopStar.Cargo.BuinessLayer\ShopStar.Cargo.BuinessLayer.csproj", "{94C23D0D-AD6B-4989-ABE6-F7188CAF6A91}"
EndProject
Project("{FAE04EC0-301F-11D3-BF4B-00C04F79EFBC}") = "ShopStar.Cargo.EntityLayer", "Services\Cargo\ShopStar.Cargo.EntityLayer\ShopStar.Cargo.EntityLayer.csproj", "{7523936C-FE36-4CB5-A98A-4578A2AA7401}"
EndProject
Project("{FAE04EC0-301F-11D3-BF4B-00C04F79EFBC}") = "ShopStar.Cargo.DataAccessLayer", "Services\Cargo\ShopStar.Cargo.DataAccessLayer\ShopStar.Cargo.DataAccessLayer.csproj", "{DEDF043C-BCC8-480D-B38A-AA3427235B69}"
EndProject
Project("{FAE04EC0-301F-11D3-BF4B-00C04F79EFBC}") = "ShopStar.Cargo.DtoLayer", "Services\Cargo\ShopStar.Cargo.DtoLayer\ShopStar.Cargo.DtoLayer.csproj", "{3CD04715-1AB6-4E17-A78C-BB06BE384D96}"
EndProject
Project("{FAE04EC0-301F-11D3-BF4B-00C04F79EFBC}") = "ShopStar.Cargo.WebApi", "Services\Cargo\ShopStar.Cargo.WebApi\ShopStar.Cargo.WebApi.csproj", "{15A64C14-22FB-46EF-A79D-3EC7B8C17F76}"
EndProject
Project("{2150E333-8FDC-42A3-9474-1A3956D46DE8}") = "Basket", "Basket", "{8CFB72AB-B481-4A37-8E25-51F0FDA346D5}"
EndProject
Project("{FAE04EC0-301F-11D3-BF4B-00C04F79EFBC}") = "ShopStar.Basket", "Services\Basket\ShopStar.Basket\ShopStar.Basket.csproj", "{AA484797-348F-425C-86E7-A679B914B092}"
EndProject
Global
	GlobalSection(SolutionConfigurationPlatforms) = preSolution
		Debug|Any CPU = Debug|Any CPU
		Release|Any CPU = Release|Any CPU
	EndGlobalSection
	GlobalSection(ProjectConfigurationPlatforms) = postSolution
		{78893B62-A252-4864-8B38-C6D3BA2F925D}.Debug|Any CPU.ActiveCfg = Debug|Any CPU
		{78893B62-A252-4864-8B38-C6D3BA2F925D}.Debug|Any CPU.Build.0 = Debug|Any CPU
		{78893B62-A252-4864-8B38-C6D3BA2F925D}.Release|Any CPU.ActiveCfg = Release|Any CPU
		{78893B62-A252-4864-8B38-C6D3BA2F925D}.Release|Any CPU.Build.0 = Release|Any CPU
		{295C7597-C905-40C6-ACA9-DC5ABE8674E2}.Debug|Any CPU.ActiveCfg = Debug|Any CPU
		{295C7597-C905-40C6-ACA9-DC5ABE8674E2}.Debug|Any CPU.Build.0 = Debug|Any CPU
		{295C7597-C905-40C6-ACA9-DC5ABE8674E2}.Release|Any CPU.ActiveCfg = Release|Any CPU
		{295C7597-C905-40C6-ACA9-DC5ABE8674E2}.Release|Any CPU.Build.0 = Release|Any CPU
		{ED1C66DC-6600-456A-AAF5-31BADE3C04A9}.Debug|Any CPU.ActiveCfg = Debug|Any CPU
		{ED1C66DC-6600-456A-AAF5-31BADE3C04A9}.Debug|Any CPU.Build.0 = Debug|Any CPU
		{ED1C66DC-6600-456A-AAF5-31BADE3C04A9}.Release|Any CPU.ActiveCfg = Release|Any CPU
		{ED1C66DC-6600-456A-AAF5-31BADE3C04A9}.Release|Any CPU.Build.0 = Release|Any CPU
		{D1FA2ECD-459F-4087-A0EE-D02C3A65979C}.Debug|Any CPU.ActiveCfg = Debug|Any CPU
		{D1FA2ECD-459F-4087-A0EE-D02C3A65979C}.Debug|Any CPU.Build.0 = Debug|Any CPU
		{D1FA2ECD-459F-4087-A0EE-D02C3A65979C}.Release|Any CPU.ActiveCfg = Release|Any CPU
		{D1FA2ECD-459F-4087-A0EE-D02C3A65979C}.Release|Any CPU.Build.0 = Release|Any CPU
		{A437665C-3DB8-41EB-AC01-92FBCBD7C6DD}.Debug|Any CPU.ActiveCfg = Debug|Any CPU
		{A437665C-3DB8-41EB-AC01-92FBCBD7C6DD}.Debug|Any CPU.Build.0 = Debug|Any CPU
		{A437665C-3DB8-41EB-AC01-92FBCBD7C6DD}.Release|Any CPU.ActiveCfg = Release|Any CPU
		{A437665C-3DB8-41EB-AC01-92FBCBD7C6DD}.Release|Any CPU.Build.0 = Release|Any CPU
		{CD3B2581-8D5F-4E3C-A9B4-841FAAD52E25}.Debug|Any CPU.ActiveCfg = Debug|Any CPU
		{CD3B2581-8D5F-4E3C-A9B4-841FAAD52E25}.Debug|Any CPU.Build.0 = Debug|Any CPU
		{CD3B2581-8D5F-4E3C-A9B4-841FAAD52E25}.Release|Any CPU.ActiveCfg = Release|Any CPU
		{CD3B2581-8D5F-4E3C-A9B4-841FAAD52E25}.Release|Any CPU.Build.0 = Release|Any CPU
		{7B0F1E76-EF05-4301-AEB1-36A81C70D86F}.Debug|Any CPU.ActiveCfg = Debug|Any CPU
		{7B0F1E76-EF05-4301-AEB1-36A81C70D86F}.Debug|Any CPU.Build.0 = Debug|Any CPU
		{7B0F1E76-EF05-4301-AEB1-36A81C70D86F}.Release|Any CPU.ActiveCfg = Release|Any CPU
		{7B0F1E76-EF05-4301-AEB1-36A81C70D86F}.Release|Any CPU.Build.0 = Release|Any CPU
		{94C23D0D-AD6B-4989-ABE6-F7188CAF6A91}.Debug|Any CPU.ActiveCfg = Debug|Any CPU
		{94C23D0D-AD6B-4989-ABE6-F7188CAF6A91}.Debug|Any CPU.Build.0 = Debug|Any CPU
		{94C23D0D-AD6B-4989-ABE6-F7188CAF6A91}.Release|Any CPU.ActiveCfg = Release|Any CPU
		{94C23D0D-AD6B-4989-ABE6-F7188CAF6A91}.Release|Any CPU.Build.0 = Release|Any CPU
		{7523936C-FE36-4CB5-A98A-4578A2AA7401}.Debug|Any CPU.ActiveCfg = Debug|Any CPU
		{7523936C-FE36-4CB5-A98A-4578A2AA7401}.Debug|Any CPU.Build.0 = Debug|Any CPU
		{7523936C-FE36-4CB5-A98A-4578A2AA7401}.Release|Any CPU.ActiveCfg = Release|Any CPU
		{7523936C-FE36-4CB5-A98A-4578A2AA7401}.Release|Any CPU.Build.0 = Release|Any CPU
		{DEDF043C-BCC8-480D-B38A-AA3427235B69}.Debug|Any CPU.ActiveCfg = Debug|Any CPU
		{DEDF043C-BCC8-480D-B38A-AA3427235B69}.Debug|Any CPU.Build.0 = Debug|Any CPU
		{DEDF043C-BCC8-480D-B38A-AA3427235B69}.Release|Any CPU.ActiveCfg = Release|Any CPU
		{DEDF043C-BCC8-480D-B38A-AA3427235B69}.Release|Any CPU.Build.0 = Release|Any CPU
		{3CD04715-1AB6-4E17-A78C-BB06BE384D96}.Debug|Any CPU.ActiveCfg = Debug|Any CPU
		{3CD04715-1AB6-4E17-A78C-BB06BE384D96}.Debug|Any CPU.Build.0 = Debug|Any CPU
		{3CD04715-1AB6-4E17-A78C-BB06BE384D96}.Release|Any CPU.ActiveCfg = Release|Any CPU
		{3CD04715-1AB6-4E17-A78C-BB06BE384D96}.Release|Any CPU.Build.0 = Release|Any CPU
		{15A64C14-22FB-46EF-A79D-3EC7B8C17F76}.Debug|Any CPU.ActiveCfg = Debug|Any CPU
		{15A64C14-22FB-46EF-A79D-3EC7B8C17F76}.Debug|Any CPU.Build.0 = Debug|Any CPU
		{15A64C14-22FB-46EF-A79D-3EC7B8C17F76}.Release|Any CPU.ActiveCfg = Release|Any CPU
		{15A64C14-22FB-46EF-A79D-3EC7B8C17F76}.Release|Any CPU.Build.0 = Release|Any CPU
		{AA484797-348F-425C-86E7-A679B914B092}.Debug|Any CPU.ActiveCfg = Debug|Any CPU
		{AA484797-348F-425C-86E7-A679B914B092}.Debug|Any CPU.Build.0 = Debug|Any CPU
		{AA484797-348F-425C-86E7-A679B914B092}.Release|Any CPU.ActiveCfg = Release|Any CPU
		{AA484797-348F-425C-86E7-A679B914B092}.Release|Any CPU.Build.0 = Release|Any CPU
	EndGlobalSection
	GlobalSection(SolutionProperties) = preSolution
		HideSolutionNode = FALSE
	EndGlobalSection
	GlobalSection(NestedProjects) = preSolution
		{7D8C95A8-C028-4691-AFD7-CA4CB690768E} = {E36334FA-21C6-4246-B255-7D0202FF4B33}
		{78893B62-A252-4864-8B38-C6D3BA2F925D} = {7D8C95A8-C028-4691-AFD7-CA4CB690768E}
		{EB49F704-C5BB-41E4-B374-C6838CEC1D4D} = {E36334FA-21C6-4246-B255-7D0202FF4B33}
		{295C7597-C905-40C6-ACA9-DC5ABE8674E2} = {EB49F704-C5BB-41E4-B374-C6838CEC1D4D}
		{3AF95042-70D5-4849-99B7-361E4B17F9D2} = {E36334FA-21C6-4246-B255-7D0202FF4B33}
		{FE06170C-9A05-47BC-B695-FE16ED7355BB} = {3AF95042-70D5-4849-99B7-361E4B17F9D2}
		{3A344B09-5213-4827-846D-D3A4F6271001} = {3AF95042-70D5-4849-99B7-361E4B17F9D2}
		{CE69B5BD-3CA9-46F3-87D9-FE5F49587C26} = {3AF95042-70D5-4849-99B7-361E4B17F9D2}
		{ED1C66DC-6600-456A-AAF5-31BADE3C04A9} = {FE06170C-9A05-47BC-B695-FE16ED7355BB}
		{D1FA2ECD-459F-4087-A0EE-D02C3A65979C} = {FE06170C-9A05-47BC-B695-FE16ED7355BB}
		{A437665C-3DB8-41EB-AC01-92FBCBD7C6DD} = {3A344B09-5213-4827-846D-D3A4F6271001}
		{CD3B2581-8D5F-4E3C-A9B4-841FAAD52E25} = {CE69B5BD-3CA9-46F3-87D9-FE5F49587C26}
		{7B0F1E76-EF05-4301-AEB1-36A81C70D86F} = {BDD4EC7C-256F-48F2-A18C-CC1A80688E81}
		{C736F7AB-30BE-4F2C-940E-084F6F89A6C8} = {E36334FA-21C6-4246-B255-7D0202FF4B33}
		{94C23D0D-AD6B-4989-ABE6-F7188CAF6A91} = {C736F7AB-30BE-4F2C-940E-084F6F89A6C8}
		{7523936C-FE36-4CB5-A98A-4578A2AA7401} = {C736F7AB-30BE-4F2C-940E-084F6F89A6C8}
		{DEDF043C-BCC8-480D-B38A-AA3427235B69} = {C736F7AB-30BE-4F2C-940E-084F6F89A6C8}
		{3CD04715-1AB6-4E17-A78C-BB06BE384D96} = {C736F7AB-30BE-4F2C-940E-084F6F89A6C8}
		{15A64C14-22FB-46EF-A79D-3EC7B8C17F76} = {C736F7AB-30BE-4F2C-940E-084F6F89A6C8}
		{8CFB72AB-B481-4A37-8E25-51F0FDA346D5} = {E36334FA-21C6-4246-B255-7D0202FF4B33}
		{AA484797-348F-425C-86E7-A679B914B092} = {8CFB72AB-B481-4A37-8E25-51F0FDA346D5}
	EndGlobalSection
EndGlobal
